// !$*UTF8*$!
{
	archiveVersion = 1;
	classes = {
	};
	objectVersion = 56;
	objects = {

/* Begin PBXBuildFile section */
		BA3608EA2CAB59F400F110CD /* main.cpp in Sources */ = {isa = PBXBuildFile; fileRef = BA3608E92CAB59F400F110CD /* main.cpp */; };
		BA3608F52CAB5F1C00F110CD /* librtlsdr.a in Frameworks */ = {isa = PBXBuildFile; fileRef = BA3608F42CAB5F1C00F110CD /* librtlsdr.a */; };
		BA487CF62CCEDD22009738E2 /* libfftw3.a in Frameworks */ = {isa = PBXBuildFile; fileRef = BA3608F62CAB5F8000F110CD /* libfftw3.a */; };
		BA487D002CCEE2A3009738E2 /* libfftw3_omp.a in Frameworks */ = {isa = PBXBuildFile; fileRef = BA487CEF2CCEDD10009738E2 /* libfftw3_omp.a */; };
		BA487D012CCEE2A3009738E2 /* libfftw3_threads.a in Frameworks */ = {isa = PBXBuildFile; fileRef = BA487CEB2CCEDD10009738E2 /* libfftw3_threads.a */; };
		BA487D022CCEE2A3009738E2 /* libfftw3.a in Frameworks */ = {isa = PBXBuildFile; fileRef = BA3608F62CAB5F8000F110CD /* libfftw3.a */; };
		BA487D042CCEE2A3009738E2 /* libfftw3f_omp.a in Frameworks */ = {isa = PBXBuildFile; fileRef = BA487CED2CCEDD10009738E2 /* libfftw3f_omp.a */; };
		BA487D052CCEE2A3009738E2 /* libfftw3f_threads.a in Frameworks */ = {isa = PBXBuildFile; fileRef = BA487CE92CCEDD10009738E2 /* libfftw3f_threads.a */; };
		BA487D062CCEE2A3009738E2 /* libfftw3f.a in Frameworks */ = {isa = PBXBuildFile; fileRef = BA487CEE2CCEDD10009738E2 /* libfftw3f.a */; };
		BA487D082CCEE2A3009738E2 /* libfftw3l_omp.a in Frameworks */ = {isa = PBXBuildFile; fileRef = BA487CF02CCEDD10009738E2 /* libfftw3l_omp.a */; };
		BA487D092CCEE2A3009738E2 /* libfftw3l_threads.a in Frameworks */ = {isa = PBXBuildFile; fileRef = BA487CEA2CCEDD10009738E2 /* libfftw3l_threads.a */; };
		BA487D0A2CCEE2A3009738E2 /* libfftw3l.a in Frameworks */ = {isa = PBXBuildFile; fileRef = BA487CF12CCEDD10009738E2 /* libfftw3l.a */; };
		BA487D192CCEE2A4009738E2 /* libfftw3l.3.dylib in Frameworks */ = {isa = PBXBuildFile; fileRef = BA487D0C2CCEE2A3009738E2 /* libfftw3l.3.dylib */; };
		BA487D1A2CCEE2A4009738E2 /* libfftw3l.3.dylib in Embed Libraries */ = {isa = PBXBuildFile; fileRef = BA487D0C2CCEE2A3009738E2 /* libfftw3l.3.dylib */; settings = {ATTRIBUTES = (CodeSignOnCopy, ); }; };
		BA487D1B2CCEE2A4009738E2 /* libfftw3_omp.3.dylib in Frameworks */ = {isa = PBXBuildFile; fileRef = BA487D0D2CCEE2A3009738E2 /* libfftw3_omp.3.dylib */; };
		BA487D1C2CCEE2A4009738E2 /* libfftw3_omp.3.dylib in Embed Libraries */ = {isa = PBXBuildFile; fileRef = BA487D0D2CCEE2A3009738E2 /* libfftw3_omp.3.dylib */; settings = {ATTRIBUTES = (CodeSignOnCopy, ); }; };
		BA487D1D2CCEE2A4009738E2 /* libfftw3f.3.dylib in Frameworks */ = {isa = PBXBuildFile; fileRef = BA487D0E2CCEE2A3009738E2 /* libfftw3f.3.dylib */; };
		BA487D1E2CCEE2A4009738E2 /* libfftw3f.3.dylib in Embed Libraries */ = {isa = PBXBuildFile; fileRef = BA487D0E2CCEE2A3009738E2 /* libfftw3f.3.dylib */; settings = {ATTRIBUTES = (CodeSignOnCopy, ); }; };
		BA487D212CCEE2A4009738E2 /* libfftw3f_omp.3.dylib in Frameworks */ = {isa = PBXBuildFile; fileRef = BA487D102CCEE2A3009738E2 /* libfftw3f_omp.3.dylib */; };
		BA487D222CCEE2A4009738E2 /* libfftw3f_omp.3.dylib in Embed Libraries */ = {isa = PBXBuildFile; fileRef = BA487D102CCEE2A3009738E2 /* libfftw3f_omp.3.dylib */; settings = {ATTRIBUTES = (CodeSignOnCopy, ); }; };
		BA487D232CCEE2A4009738E2 /* libfftw3l_threads.3.dylib in Frameworks */ = {isa = PBXBuildFile; fileRef = BA487D112CCEE2A3009738E2 /* libfftw3l_threads.3.dylib */; };
		BA487D242CCEE2A4009738E2 /* libfftw3l_threads.3.dylib in Embed Libraries */ = {isa = PBXBuildFile; fileRef = BA487D112CCEE2A3009738E2 /* libfftw3l_threads.3.dylib */; settings = {ATTRIBUTES = (CodeSignOnCopy, ); }; };
		BA487D252CCEE2A4009738E2 /* libfftw3.3.dylib in Frameworks */ = {isa = PBXBuildFile; fileRef = BA487D122CCEE2A4009738E2 /* libfftw3.3.dylib */; };
		BA487D262CCEE2A4009738E2 /* libfftw3.3.dylib in Embed Libraries */ = {isa = PBXBuildFile; fileRef = BA487D122CCEE2A4009738E2 /* libfftw3.3.dylib */; settings = {ATTRIBUTES = (CodeSignOnCopy, ); }; };
		BA487D272CCEE2A4009738E2 /* libfftw3l_omp.3.dylib in Frameworks */ = {isa = PBXBuildFile; fileRef = BA487D132CCEE2A4009738E2 /* libfftw3l_omp.3.dylib */; };
		BA487D282CCEE2A4009738E2 /* libfftw3l_omp.3.dylib in Embed Libraries */ = {isa = PBXBuildFile; fileRef = BA487D132CCEE2A4009738E2 /* libfftw3l_omp.3.dylib */; settings = {ATTRIBUTES = (CodeSignOnCopy, ); }; };
		BA487D2B2CCEE2A4009738E2 /* libfftw3_threads.3.dylib in Frameworks */ = {isa = PBXBuildFile; fileRef = BA487D152CCEE2A4009738E2 /* libfftw3_threads.3.dylib */; };
		BA487D2C2CCEE2A4009738E2 /* libfftw3_threads.3.dylib in Embed Libraries */ = {isa = PBXBuildFile; fileRef = BA487D152CCEE2A4009738E2 /* libfftw3_threads.3.dylib */; settings = {ATTRIBUTES = (CodeSignOnCopy, ); }; };
		BA487D2D2CCEE2A4009738E2 /* libfftw3f_threads.3.dylib in Frameworks */ = {isa = PBXBuildFile; fileRef = BA487D162CCEE2A4009738E2 /* libfftw3f_threads.3.dylib */; };
		BA487D2E2CCEE2A4009738E2 /* libfftw3f_threads.3.dylib in Embed Libraries */ = {isa = PBXBuildFile; fileRef = BA487D162CCEE2A4009738E2 /* libfftw3f_threads.3.dylib */; settings = {ATTRIBUTES = (CodeSignOnCopy, ); }; };
/* End PBXBuildFile section */

/* Begin PBXCopyFilesBuildPhase section */
		BA3608E42CAB59F400F110CD /* CopyFiles */ = {
			isa = PBXCopyFilesBuildPhase;
			buildActionMask = 2147483647;
			dstPath = /usr/share/man/man1/;
			dstSubfolderSpec = 0;
			files = (
			);
			runOnlyForDeploymentPostprocessing = 1;
		};
		BA487D2F2CCEE2A4009738E2 /* Embed Libraries */ = {
			isa = PBXCopyFilesBuildPhase;
			buildActionMask = 2147483647;
			dstPath = "";
			dstSubfolderSpec = 10;
			files = (
				BA487D1C2CCEE2A4009738E2 /* libfftw3_omp.3.dylib in Embed Libraries */,
				BA487D2E2CCEE2A4009738E2 /* libfftw3f_threads.3.dylib in Embed Libraries */,
				BA487D282CCEE2A4009738E2 /* libfftw3l_omp.3.dylib in Embed Libraries */,
				BA487D242CCEE2A4009738E2 /* libfftw3l_threads.3.dylib in Embed Libraries */,
				BA487D1A2CCEE2A4009738E2 /* libfftw3l.3.dylib in Embed Libraries */,
				BA487D262CCEE2A4009738E2 /* libfftw3.3.dylib in Embed Libraries */,
				BA487D1E2CCEE2A4009738E2 /* libfftw3f.3.dylib in Embed Libraries */,
				BA487D2C2CCEE2A4009738E2 /* libfftw3_threads.3.dylib in Embed Libraries */,
				BA487D222CCEE2A4009738E2 /* libfftw3f_omp.3.dylib in Embed Libraries */,
			);
			name = "Embed Libraries";
			runOnlyForDeploymentPostprocessing = 0;
		};
/* End PBXCopyFilesBuildPhase section */

/* Begin PBXFileReference section */
		BA3608E62CAB59F400F110CD /* LoRa Mesh */ = {isa = PBXFileReference; explicitFileType = "compiled.mach-o.executable"; includeInIndex = 0; path = "LoRa Mesh"; sourceTree = BUILT_PRODUCTS_DIR; };
		BA3608E92CAB59F400F110CD /* main.cpp */ = {isa = PBXFileReference; lastKnownFileType = sourcecode.cpp.cpp; path = main.cpp; sourceTree = "<group>"; };
		BA3608F02CAB5A3E00F110CD /* AlignTrack.h */ = {isa = PBXFileReference; lastKnownFileType = sourcecode.c.h; path = AlignTrack.h; sourceTree = "<group>"; };
		BA3608F22CAB5BD200F110CD /* RTLSDR.h */ = {isa = PBXFileReference; lastKnownFileType = sourcecode.c.h; path = RTLSDR.h; sourceTree = "<group>"; };
		BA3608F42CAB5F1C00F110CD /* librtlsdr.a */ = {isa = PBXFileReference; lastKnownFileType = archive.ar; name = librtlsdr.a; path = ../../../../../../usr/local/Cellar/librtlsdr/2.0.2/lib/librtlsdr.a; sourceTree = "<group>"; };
		BA3608F62CAB5F8000F110CD /* libfftw3.a */ = {isa = PBXFileReference; lastKnownFileType = archive.ar; name = libfftw3.a; path = ../../../../../../usr/local/Cellar/fftw/3.3.10_1/lib/libfftw3.a; sourceTree = "<group>"; };
		BA3608F82CAB609C00F110CD /* LoRa Mesh.entitlements */ = {isa = PBXFileReference; lastKnownFileType = text.plist.entitlements; path = "LoRa Mesh.entitlements"; sourceTree = "<group>"; };
		BA487CE82CCEDD10009738E2 /* libfftw3_mpi.a */ = {isa = PBXFileReference; lastKnownFileType = archive.ar; name = libfftw3_mpi.a; path = ../../../../../../usr/local/Cellar/fftw/3.3.10_1/lib/libfftw3_mpi.a; sourceTree = "<group>"; };
		BA487CE92CCEDD10009738E2 /* libfftw3f_threads.a */ = {isa = PBXFileReference; lastKnownFileType = archive.ar; name = libfftw3f_threads.a; path = ../../../../../../usr/local/Cellar/fftw/3.3.10_1/lib/libfftw3f_threads.a; sourceTree = "<group>"; };
		BA487CEA2CCEDD10009738E2 /* libfftw3l_threads.a */ = {isa = PBXFileReference; lastKnownFileType = archive.ar; name = libfftw3l_threads.a; path = ../../../../../../usr/local/Cellar/fftw/3.3.10_1/lib/libfftw3l_threads.a; sourceTree = "<group>"; };
		BA487CEB2CCEDD10009738E2 /* libfftw3_threads.a */ = {isa = PBXFileReference; lastKnownFileType = archive.ar; name = libfftw3_threads.a; path = ../../../../../../usr/local/Cellar/fftw/3.3.10_1/lib/libfftw3_threads.a; sourceTree = "<group>"; };
		BA487CEC2CCEDD10009738E2 /* libfftw3l_mpi.a */ = {isa = PBXFileReference; lastKnownFileType = archive.ar; name = libfftw3l_mpi.a; path = ../../../../../../usr/local/Cellar/fftw/3.3.10_1/lib/libfftw3l_mpi.a; sourceTree = "<group>"; };
		BA487CED2CCEDD10009738E2 /* libfftw3f_omp.a */ = {isa = PBXFileReference; lastKnownFileType = archive.ar; name = libfftw3f_omp.a; path = ../../../../../../usr/local/Cellar/fftw/3.3.10_1/lib/libfftw3f_omp.a; sourceTree = "<group>"; };
		BA487CEE2CCEDD10009738E2 /* libfftw3f.a */ = {isa = PBXFileReference; lastKnownFileType = archive.ar; name = libfftw3f.a; path = ../../../../../../usr/local/Cellar/fftw/3.3.10_1/lib/libfftw3f.a; sourceTree = "<group>"; };
		BA487CEF2CCEDD10009738E2 /* libfftw3_omp.a */ = {isa = PBXFileReference; lastKnownFileType = archive.ar; name = libfftw3_omp.a; path = ../../../../../../usr/local/Cellar/fftw/3.3.10_1/lib/libfftw3_omp.a; sourceTree = "<group>"; };
		BA487CF02CCEDD10009738E2 /* libfftw3l_omp.a */ = {isa = PBXFileReference; lastKnownFileType = archive.ar; name = libfftw3l_omp.a; path = ../../../../../../usr/local/Cellar/fftw/3.3.10_1/lib/libfftw3l_omp.a; sourceTree = "<group>"; };
		BA487CF12CCEDD10009738E2 /* libfftw3l.a */ = {isa = PBXFileReference; lastKnownFileType = archive.ar; name = libfftw3l.a; path = ../../../../../../usr/local/Cellar/fftw/3.3.10_1/lib/libfftw3l.a; sourceTree = "<group>"; };
		BA487CF22CCEDD10009738E2 /* libfftw3f_mpi.a */ = {isa = PBXFileReference; lastKnownFileType = archive.ar; name = libfftw3f_mpi.a; path = ../../../../../../usr/local/Cellar/fftw/3.3.10_1/lib/libfftw3f_mpi.a; sourceTree = "<group>"; };
		BA487D0B2CCEE2A3009738E2 /* libfftw3l_mpi.3.dylib */ = {isa = PBXFileReference; lastKnownFileType = "compiled.mach-o.dylib"; name = libfftw3l_mpi.3.dylib; path = ../../../../../../usr/local/Cellar/fftw/3.3.10_1/lib/libfftw3l_mpi.3.dylib; sourceTree = "<group>"; };
		BA487D0C2CCEE2A3009738E2 /* libfftw3l.3.dylib */ = {isa = PBXFileReference; lastKnownFileType = "compiled.mach-o.dylib"; name = libfftw3l.3.dylib; path = ../../../../../../usr/local/Cellar/fftw/3.3.10_1/lib/libfftw3l.3.dylib; sourceTree = "<group>"; };
		BA487D0D2CCEE2A3009738E2 /* libfftw3_omp.3.dylib */ = {isa = PBXFileReference; lastKnownFileType = "compiled.mach-o.dylib"; name = libfftw3_omp.3.dylib; path = ../../../../../../usr/local/Cellar/fftw/3.3.10_1/lib/libfftw3_omp.3.dylib; sourceTree = "<group>"; };
		BA487D0E2CCEE2A3009738E2 /* libfftw3f.3.dylib */ = {isa = PBXFileReference; lastKnownFileType = "compiled.mach-o.dylib"; name = libfftw3f.3.dylib; path = ../../../../../../usr/local/Cellar/fftw/3.3.10_1/lib/libfftw3f.3.dylib; sourceTree = "<group>"; };
		BA487D0F2CCEE2A3009738E2 /* libfftw3f_mpi.3.dylib */ = {isa = PBXFileReference; lastKnownFileType = "compiled.mach-o.dylib"; name = libfftw3f_mpi.3.dylib; path = ../../../../../../usr/local/Cellar/fftw/3.3.10_1/lib/libfftw3f_mpi.3.dylib; sourceTree = "<group>"; };
		BA487D102CCEE2A3009738E2 /* libfftw3f_omp.3.dylib */ = {isa = PBXFileReference; lastKnownFileType = "compiled.mach-o.dylib"; name = libfftw3f_omp.3.dylib; path = ../../../../../../usr/local/Cellar/fftw/3.3.10_1/lib/libfftw3f_omp.3.dylib; sourceTree = "<group>"; };
		BA487D112CCEE2A3009738E2 /* libfftw3l_threads.3.dylib */ = {isa = PBXFileReference; lastKnownFileType = "compiled.mach-o.dylib"; name = libfftw3l_threads.3.dylib; path = ../../../../../../usr/local/Cellar/fftw/3.3.10_1/lib/libfftw3l_threads.3.dylib; sourceTree = "<group>"; };
		BA487D122CCEE2A4009738E2 /* libfftw3.3.dylib */ = {isa = PBXFileReference; lastKnownFileType = "compiled.mach-o.dylib"; name = libfftw3.3.dylib; path = ../../../../../../usr/local/Cellar/fftw/3.3.10_1/lib/libfftw3.3.dylib; sourceTree = "<group>"; };
		BA487D132CCEE2A4009738E2 /* libfftw3l_omp.3.dylib */ = {isa = PBXFileReference; lastKnownFileType = "compiled.mach-o.dylib"; name = libfftw3l_omp.3.dylib; path = ../../../../../../usr/local/Cellar/fftw/3.3.10_1/lib/libfftw3l_omp.3.dylib; sourceTree = "<group>"; };
		BA487D142CCEE2A4009738E2 /* libfftw3_mpi.3.dylib */ = {isa = PBXFileReference; lastKnownFileType = "compiled.mach-o.dylib"; name = libfftw3_mpi.3.dylib; path = ../../../../../../usr/local/Cellar/fftw/3.3.10_1/lib/libfftw3_mpi.3.dylib; sourceTree = "<group>"; };
		BA487D152CCEE2A4009738E2 /* libfftw3_threads.3.dylib */ = {isa = PBXFileReference; lastKnownFileType = "compiled.mach-o.dylib"; name = libfftw3_threads.3.dylib; path = ../../../../../../usr/local/Cellar/fftw/3.3.10_1/lib/libfftw3_threads.3.dylib; sourceTree = "<group>"; };
		BA487D162CCEE2A4009738E2 /* libfftw3f_threads.3.dylib */ = {isa = PBXFileReference; lastKnownFileType = "compiled.mach-o.dylib"; name = libfftw3f_threads.3.dylib; path = ../../../../../../usr/local/Cellar/fftw/3.3.10_1/lib/libfftw3f_threads.3.dylib; sourceTree = "<group>"; };
		BA6B4BA72CCB24A000EA358A /* output.bin */ = {isa = PBXFileReference; lastKnownFileType = archive.macbinary; name = output.bin; path = ../../output.bin; sourceTree = "<group>"; };
		BA8198A62CC961DD00FCC5D4 /* LoRaPHY.h */ = {isa = PBXFileReference; lastKnownFileType = sourcecode.c.h; path = LoRaPHY.h; sourceTree = "<group>"; };
/* End PBXFileReference section */

/* Begin PBXFrameworksBuildPhase section */
		BA3608E32CAB59F400F110CD /* Frameworks */ = {
			isa = PBXFrameworksBuildPhase;
			buildActionMask = 2147483647;
			files = (
				BA487D2B2CCEE2A4009738E2 /* libfftw3_threads.3.dylib in Frameworks */,
				BA487D192CCEE2A4009738E2 /* libfftw3l.3.dylib in Frameworks */,
				BA487D232CCEE2A4009738E2 /* libfftw3l_threads.3.dylib in Frameworks */,
				BA487D042CCEE2A3009738E2 /* libfftw3f_omp.a in Frameworks */,
				BA487D022CCEE2A3009738E2 /* libfftw3.a in Frameworks */,
				BA487D1B2CCEE2A4009738E2 /* libfftw3_omp.3.dylib in Frameworks */,
				BA487D272CCEE2A4009738E2 /* libfftw3l_omp.3.dylib in Frameworks */,
				BA487D2D2CCEE2A4009738E2 /* libfftw3f_threads.3.dylib in Frameworks */,
				BA487D212CCEE2A4009738E2 /* libfftw3f_omp.3.dylib in Frameworks */,
				BA487D1D2CCEE2A4009738E2 /* libfftw3f.3.dylib in Frameworks */,
				BA487D062CCEE2A3009738E2 /* libfftw3f.a in Frameworks */,
				BA487D0A2CCEE2A3009738E2 /* libfftw3l.a in Frameworks */,
				BA487D252CCEE2A4009738E2 /* libfftw3.3.dylib in Frameworks */,
				BA487D002CCEE2A3009738E2 /* libfftw3_omp.a in Frameworks */,
				BA487D092CCEE2A3009738E2 /* libfftw3l_threads.a in Frameworks */,
				BA487D082CCEE2A3009738E2 /* libfftw3l_omp.a in Frameworks */,
				BA487D052CCEE2A3009738E2 /* libfftw3f_threads.a in Frameworks */,
				BA3608F52CAB5F1C00F110CD /* librtlsdr.a in Frameworks */,
				BA487CF62CCEDD22009738E2 /* libfftw3.a in Frameworks */,
				BA487D012CCEE2A3009738E2 /* libfftw3_threads.a in Frameworks */,
			);
			runOnlyForDeploymentPostprocessing = 0;
		};
/* End PBXFrameworksBuildPhase section */

/* Begin PBXGroup section */
		BA3608DD2CAB59F400F110CD = {
			isa = PBXGroup;
			children = (
				BA3608E82CAB59F400F110CD /* LoRa Mesh */,
				BA3608E72CAB59F400F110CD /* Products */,
				BA3608F32CAB5F1C00F110CD /* Frameworks */,
			);
			sourceTree = "<group>";
		};
		BA3608E72CAB59F400F110CD /* Products */ = {
			isa = PBXGroup;
			children = (
				BA3608E62CAB59F400F110CD /* LoRa Mesh */,
			);
			name = Products;
			sourceTree = "<group>";
		};
		BA3608E82CAB59F400F110CD /* LoRa Mesh */ = {
			isa = PBXGroup;
			children = (
				BA3608F82CAB609C00F110CD /* LoRa Mesh.entitlements */,
				BA3608E92CAB59F400F110CD /* main.cpp */,
				BA3608F02CAB5A3E00F110CD /* AlignTrack.h */,
				BA3608F22CAB5BD200F110CD /* RTLSDR.h */,
				BA6B4BA72CCB24A000EA358A /* output.bin */,
				BA8198A62CC961DD00FCC5D4 /* LoRaPHY.h */,
			);
			path = "LoRa Mesh";
			sourceTree = "<group>";
		};
		BA3608F32CAB5F1C00F110CD /* Frameworks */ = {
			isa = PBXGroup;
			children = (
				BA487D142CCEE2A4009738E2 /* libfftw3_mpi.3.dylib */,
				BA487D0D2CCEE2A3009738E2 /* libfftw3_omp.3.dylib */,
				BA487D152CCEE2A4009738E2 /* libfftw3_threads.3.dylib */,
				BA487D122CCEE2A4009738E2 /* libfftw3.3.dylib */,
				BA487D0F2CCEE2A3009738E2 /* libfftw3f_mpi.3.dylib */,
				BA487D102CCEE2A3009738E2 /* libfftw3f_omp.3.dylib */,
				BA487D162CCEE2A4009738E2 /* libfftw3f_threads.3.dylib */,
				BA487D0E2CCEE2A3009738E2 /* libfftw3f.3.dylib */,
				BA487D0B2CCEE2A3009738E2 /* libfftw3l_mpi.3.dylib */,
				BA487D132CCEE2A4009738E2 /* libfftw3l_omp.3.dylib */,
				BA487D112CCEE2A3009738E2 /* libfftw3l_threads.3.dylib */,
				BA487D0C2CCEE2A3009738E2 /* libfftw3l.3.dylib */,
				BA487CE82CCEDD10009738E2 /* libfftw3_mpi.a */,
				BA487CEF2CCEDD10009738E2 /* libfftw3_omp.a */,
				BA487CEB2CCEDD10009738E2 /* libfftw3_threads.a */,
				BA487CF22CCEDD10009738E2 /* libfftw3f_mpi.a */,
				BA487CED2CCEDD10009738E2 /* libfftw3f_omp.a */,
				BA487CE92CCEDD10009738E2 /* libfftw3f_threads.a */,
				BA487CEE2CCEDD10009738E2 /* libfftw3f.a */,
				BA487CEC2CCEDD10009738E2 /* libfftw3l_mpi.a */,
				BA487CF02CCEDD10009738E2 /* libfftw3l_omp.a */,
				BA487CEA2CCEDD10009738E2 /* libfftw3l_threads.a */,
				BA487CF12CCEDD10009738E2 /* libfftw3l.a */,
				BA3608F62CAB5F8000F110CD /* libfftw3.a */,
				BA3608F42CAB5F1C00F110CD /* librtlsdr.a */,
			);
			name = Frameworks;
			sourceTree = "<group>";
		};
/* End PBXGroup section */

/* Begin PBXNativeTarget section */
		BA3608E52CAB59F400F110CD /* LoRa Mesh */ = {
			isa = PBXNativeTarget;
			buildConfigurationList = BA3608ED2CAB59F400F110CD /* Build configuration list for PBXNativeTarget "LoRa Mesh" */;
			buildPhases = (
				BA3608E22CAB59F400F110CD /* Sources */,
				BA3608E32CAB59F400F110CD /* Frameworks */,
				BA3608E42CAB59F400F110CD /* CopyFiles */,
				BA487D2F2CCEE2A4009738E2 /* Embed Libraries */,
			);
			buildRules = (
			);
			dependencies = (
			);
			name = "LoRa Mesh";
			productName = "LoRa Mesh";
			productReference = BA3608E62CAB59F400F110CD /* LoRa Mesh */;
			productType = "com.apple.product-type.tool";
		};
/* End PBXNativeTarget section */

/* Begin PBXProject section */
		BA3608DE2CAB59F400F110CD /* Project object */ = {
			isa = PBXProject;
			attributes = {
				BuildIndependentTargetsInParallel = 1;
				LastUpgradeCheck = 1520;
				TargetAttributes = {
					BA3608E52CAB59F400F110CD = {
						CreatedOnToolsVersion = 15.2;
					};
				};
			};
			buildConfigurationList = BA3608E12CAB59F400F110CD /* Build configuration list for PBXProject "LoRa Mesh" */;
			compatibilityVersion = "Xcode 14.0";
			developmentRegion = en;
			hasScannedForEncodings = 0;
			knownRegions = (
				en,
				Base,
			);
			mainGroup = BA3608DD2CAB59F400F110CD;
			productRefGroup = BA3608E72CAB59F400F110CD /* Products */;
			projectDirPath = "";
			projectRoot = "";
			targets = (
				BA3608E52CAB59F400F110CD /* LoRa Mesh */,
			);
		};
/* End PBXProject section */

/* Begin PBXSourcesBuildPhase section */
		BA3608E22CAB59F400F110CD /* Sources */ = {
			isa = PBXSourcesBuildPhase;
			buildActionMask = 2147483647;
			files = (
				BA3608EA2CAB59F400F110CD /* main.cpp in Sources */,
			);
			runOnlyForDeploymentPostprocessing = 0;
		};
/* End PBXSourcesBuildPhase section */

/* Begin XCBuildConfiguration section */
		BA3608EB2CAB59F400F110CD /* Debug */ = {
			isa = XCBuildConfiguration;
			buildSettings = {
				ALWAYS_SEARCH_USER_PATHS = NO;
				ASSETCATALOG_COMPILER_GENERATE_SWIFT_ASSET_SYMBOL_EXTENSIONS = YES;
				CLANG_ANALYZER_NONNULL = YES;
				CLANG_ANALYZER_NUMBER_OBJECT_CONVERSION = YES_AGGRESSIVE;
				CLANG_CXX_LANGUAGE_STANDARD = "gnu++20";
				CLANG_ENABLE_MODULES = YES;
				CLANG_ENABLE_OBJC_ARC = YES;
				CLANG_ENABLE_OBJC_WEAK = YES;
				CLANG_WARN_BLOCK_CAPTURE_AUTORELEASING = YES;
				CLANG_WARN_BOOL_CONVERSION = YES;
				CLANG_WARN_COMMA = YES;
				CLANG_WARN_CONSTANT_CONVERSION = YES;
				CLANG_WARN_DEPRECATED_OBJC_IMPLEMENTATIONS = YES;
				CLANG_WARN_DIRECT_OBJC_ISA_USAGE = YES_ERROR;
				CLANG_WARN_DOCUMENTATION_COMMENTS = YES;
				CLANG_WARN_EMPTY_BODY = YES;
				CLANG_WARN_ENUM_CONVERSION = YES;
				CLANG_WARN_INFINITE_RECURSION = YES;
				CLANG_WARN_INT_CONVERSION = YES;
				CLANG_WARN_NON_LITERAL_NULL_CONVERSION = YES;
				CLANG_WARN_OBJC_IMPLICIT_RETAIN_SELF = YES;
				CLANG_WARN_OBJC_LITERAL_CONVERSION = YES;
				CLANG_WARN_OBJC_ROOT_CLASS = YES_ERROR;
				CLANG_WARN_QUOTED_INCLUDE_IN_FRAMEWORK_HEADER = YES;
				CLANG_WARN_RANGE_LOOP_ANALYSIS = YES;
				CLANG_WARN_STRICT_PROTOTYPES = YES;
				CLANG_WARN_SUSPICIOUS_MOVE = YES;
				CLANG_WARN_UNGUARDED_AVAILABILITY = YES_AGGRESSIVE;
				CLANG_WARN_UNREACHABLE_CODE = YES;
				CLANG_WARN__DUPLICATE_METHOD_MATCH = YES;
				COPY_PHASE_STRIP = NO;
				DEBUG_INFORMATION_FORMAT = dwarf;
				ENABLE_STRICT_OBJC_MSGSEND = YES;
				ENABLE_TESTABILITY = YES;
				ENABLE_USER_SCRIPT_SANDBOXING = YES;
				GCC_C_LANGUAGE_STANDARD = gnu17;
				GCC_DYNAMIC_NO_PIC = NO;
				GCC_NO_COMMON_BLOCKS = YES;
				GCC_OPTIMIZATION_LEVEL = 0;
				GCC_PREPROCESSOR_DEFINITIONS = (
					"DEBUG=1",
					"$(inherited)",
				);
				GCC_WARN_64_TO_32_BIT_CONVERSION = YES;
				GCC_WARN_ABOUT_RETURN_TYPE = YES_ERROR;
				GCC_WARN_UNDECLARED_SELECTOR = YES;
				GCC_WARN_UNINITIALIZED_AUTOS = YES_AGGRESSIVE;
				GCC_WARN_UNUSED_FUNCTION = YES;
				GCC_WARN_UNUSED_VARIABLE = YES;
				LOCALIZATION_PREFERS_STRING_CATALOGS = YES;
				MACOSX_DEPLOYMENT_TARGET = 13.7;
				MTL_ENABLE_DEBUG_INFO = INCLUDE_SOURCE;
				MTL_FAST_MATH = YES;
				ONLY_ACTIVE_ARCH = YES;
				SDKROOT = macosx;
			};
			name = Debug;
		};
		BA3608EC2CAB59F400F110CD /* Release */ = {
			isa = XCBuildConfiguration;
			buildSettings = {
				ALWAYS_SEARCH_USER_PATHS = NO;
				ASSETCATALOG_COMPILER_GENERATE_SWIFT_ASSET_SYMBOL_EXTENSIONS = YES;
				CLANG_ANALYZER_NONNULL = YES;
				CLANG_ANALYZER_NUMBER_OBJECT_CONVERSION = YES_AGGRESSIVE;
				CLANG_CXX_LANGUAGE_STANDARD = "gnu++20";
				CLANG_ENABLE_MODULES = YES;
				CLANG_ENABLE_OBJC_ARC = YES;
				CLANG_ENABLE_OBJC_WEAK = YES;
				CLANG_WARN_BLOCK_CAPTURE_AUTORELEASING = YES;
				CLANG_WARN_BOOL_CONVERSION = YES;
				CLANG_WARN_COMMA = YES;
				CLANG_WARN_CONSTANT_CONVERSION = YES;
				CLANG_WARN_DEPRECATED_OBJC_IMPLEMENTATIONS = YES;
				CLANG_WARN_DIRECT_OBJC_ISA_USAGE = YES_ERROR;
				CLANG_WARN_DOCUMENTATION_COMMENTS = YES;
				CLANG_WARN_EMPTY_BODY = YES;
				CLANG_WARN_ENUM_CONVERSION = YES;
				CLANG_WARN_INFINITE_RECURSION = YES;
				CLANG_WARN_INT_CONVERSION = YES;
				CLANG_WARN_NON_LITERAL_NULL_CONVERSION = YES;
				CLANG_WARN_OBJC_IMPLICIT_RETAIN_SELF = YES;
				CLANG_WARN_OBJC_LITERAL_CONVERSION = YES;
				CLANG_WARN_OBJC_ROOT_CLASS = YES_ERROR;
				CLANG_WARN_QUOTED_INCLUDE_IN_FRAMEWORK_HEADER = YES;
				CLANG_WARN_RANGE_LOOP_ANALYSIS = YES;
				CLANG_WARN_STRICT_PROTOTYPES = YES;
				CLANG_WARN_SUSPICIOUS_MOVE = YES;
				CLANG_WARN_UNGUARDED_AVAILABILITY = YES_AGGRESSIVE;
				CLANG_WARN_UNREACHABLE_CODE = YES;
				CLANG_WARN__DUPLICATE_METHOD_MATCH = YES;
				COPY_PHASE_STRIP = NO;
				DEBUG_INFORMATION_FORMAT = "dwarf-with-dsym";
				ENABLE_NS_ASSERTIONS = NO;
				ENABLE_STRICT_OBJC_MSGSEND = YES;
				ENABLE_USER_SCRIPT_SANDBOXING = YES;
				GCC_C_LANGUAGE_STANDARD = gnu17;
				GCC_NO_COMMON_BLOCKS = YES;
				GCC_WARN_64_TO_32_BIT_CONVERSION = YES;
				GCC_WARN_ABOUT_RETURN_TYPE = YES_ERROR;
				GCC_WARN_UNDECLARED_SELECTOR = YES;
				GCC_WARN_UNINITIALIZED_AUTOS = YES_AGGRESSIVE;
				GCC_WARN_UNUSED_FUNCTION = YES;
				GCC_WARN_UNUSED_VARIABLE = YES;
				LOCALIZATION_PREFERS_STRING_CATALOGS = YES;
				MACOSX_DEPLOYMENT_TARGET = 13.7;
				MTL_ENABLE_DEBUG_INFO = NO;
				MTL_FAST_MATH = YES;
				SDKROOT = macosx;
			};
			name = Release;
		};
		BA3608EE2CAB59F400F110CD /* Debug */ = {
			isa = XCBuildConfiguration;
			buildSettings = {
				CODE_SIGN_ENTITLEMENTS = "LoRa Mesh/LoRa Mesh.entitlements";
				CODE_SIGN_STYLE = Automatic;
				DEVELOPMENT_TEAM = 87867926X9;
				ENABLE_HARDENED_RUNTIME = YES;
				HEADER_SEARCH_PATHS = (
					"/usr/local/Cellar/librtlsdr/2.0.2/include/**",
					"/usr/local/Cellar/fftw/3.3.10_1/include/**",
				);
				LIBRARY_SEARCH_PATHS = (
					"/usr/local/Cellar/librtlsdr/2.0.2/lib/**",
					"/usr/local/Cellar/fftw/3.3.10_1/lib/**",
					"/usr/local/Cellar/fftw/3.3.10_1/lib/**",
					/usr/local/lib,
					/usr/local/Cellar/fftw/3.3.10_1/lib,
				);
				PRODUCT_NAME = "$(TARGET_NAME)";
			};
			name = Debug;
		};
		BA3608EF2CAB59F400F110CD /* Release */ = {
			isa = XCBuildConfiguration;
			buildSettings = {
				CODE_SIGN_ENTITLEMENTS = "LoRa Mesh/LoRa Mesh.entitlements";
				CODE_SIGN_STYLE = Automatic;
				DEVELOPMENT_TEAM = 87867926X9;
				ENABLE_HARDENED_RUNTIME = YES;
				HEADER_SEARCH_PATHS = (
					"/usr/local/Cellar/librtlsdr/2.0.2/include/**",
					"/usr/local/Cellar/fftw/3.3.10_1/include/**",
				);
				LIBRARY_SEARCH_PATHS = (
					"/usr/local/Cellar/librtlsdr/2.0.2/lib/**",
					"/usr/local/Cellar/fftw/3.3.10_1/lib/**",
					"/usr/local/Cellar/fftw/3.3.10_1/lib/**",
					/usr/local/lib,
					/usr/local/Cellar/fftw/3.3.10_1/lib,
				);
				PRODUCT_NAME = "$(TARGET_NAME)";
			};
			name = Release;
		};
/* End XCBuildConfiguration section */

/* Begin XCConfigurationList section */
		BA3608E12CAB59F400F110CD /* Build configuration list for PBXProject "LoRa Mesh" */ = {
			isa = XCConfigurationList;
			buildConfigurations = (
				BA3608EB2CAB59F400F110CD /* Debug */,
				BA3608EC2CAB59F400F110CD /* Release */,
			);
			defaultConfigurationIsVisible = 0;
			defaultConfigurationName = Release;
		};
		BA3608ED2CAB59F400F110CD /* Build configuration list for PBXNativeTarget "LoRa Mesh" */ = {
			isa = XCConfigurationList;
			buildConfigurations = (
				BA3608EE2CAB59F400F110CD /* Debug */,
				BA3608EF2CAB59F400F110CD /* Release */,
			);
			defaultConfigurationIsVisible = 0;
			defaultConfigurationName = Release;
		};
/* End XCConfigurationList section */
	};
	rootObject = BA3608DE2CAB59F400F110CD /* Project object */;
}
