// !$*UTF8*$!
{
	archiveVersion = 1;
	classes = {
	};
	objectVersion = 56;
	objects = {

/* Begin PBXBuildFile section */
		BA27B5332CA79BC200992AC7 /* librtlsdr.a in Frameworks */ = {isa = PBXBuildFile; fileRef = BA27B5322CA79BC200992AC7 /* librtlsdr.a */; };
		BA27B5362CA79BF300992AC7 /* libfftw3.a in Frameworks */ = {isa = PBXBuildFile; fileRef = BA27B5342CA79BE400992AC7 /* libfftw3.a */; };
		BA27B5422CA79BF300992AC7 /* libfftw3_omp.a in Frameworks */ = {isa = PBXBuildFile; fileRef = BA27B5372CA79BF300992AC7 /* libfftw3_omp.a */; };
		BA27B5432CA79BF300992AC7 /* libfftw3f_omp.a in Frameworks */ = {isa = PBXBuildFile; fileRef = BA27B5382CA79BF300992AC7 /* libfftw3f_omp.a */; };
		BA27B5442CA79BF300992AC7 /* libfftw3l_threads.a in Frameworks */ = {isa = PBXBuildFile; fileRef = BA27B5392CA79BF300992AC7 /* libfftw3l_threads.a */; };
		BA27B5452CA79BF300992AC7 /* libfftw3f_threads.a in Frameworks */ = {isa = PBXBuildFile; fileRef = BA27B53A2CA79BF300992AC7 /* libfftw3f_threads.a */; };
		BA27B5462CA79BF300992AC7 /* libfftw3l_mpi.a in Frameworks */ = {isa = PBXBuildFile; fileRef = BA27B53B2CA79BF300992AC7 /* libfftw3l_mpi.a */; };
		BA27B5472CA79BF300992AC7 /* libfftw3f.a in Frameworks */ = {isa = PBXBuildFile; fileRef = BA27B53C2CA79BF300992AC7 /* libfftw3f.a */; };
		BA27B5482CA79BF300992AC7 /* libfftw3l_omp.a in Frameworks */ = {isa = PBXBuildFile; fileRef = BA27B53D2CA79BF300992AC7 /* libfftw3l_omp.a */; };
		BA27B5492CA79BF300992AC7 /* libfftw3_threads.a in Frameworks */ = {isa = PBXBuildFile; fileRef = BA27B53E2CA79BF300992AC7 /* libfftw3_threads.a */; };
		BA27B54A2CA79BF300992AC7 /* libfftw3f_mpi.a in Frameworks */ = {isa = PBXBuildFile; fileRef = BA27B53F2CA79BF300992AC7 /* libfftw3f_mpi.a */; };
		BA27B54B2CA79BF300992AC7 /* libfftw3_mpi.a in Frameworks */ = {isa = PBXBuildFile; fileRef = BA27B5402CA79BF300992AC7 /* libfftw3_mpi.a */; };
		BA27B54C2CA79BF300992AC7 /* libfftw3l.a in Frameworks */ = {isa = PBXBuildFile; fileRef = BA27B5412CA79BF300992AC7 /* libfftw3l.a */; };
		BAC471732CA9E5E60066548B /* LoRaPHY.cpp in Sources */ = {isa = PBXBuildFile; fileRef = BAC471722CA9E5E60066548B /* LoRaPHY.cpp */; };
		BAC471762CA9E7650066548B /* main.cpp in Sources */ = {isa = PBXBuildFile; fileRef = BAC471752CA9E7650066548B /* main.cpp */; };
		BAC471782CA9E8260066548B /* libliquid.dylib in Frameworks */ = {isa = PBXBuildFile; fileRef = BAC471772CA9E8260066548B /* libliquid.dylib */; };
		BAC471792CA9EA3D0066548B /* libliquid.dylib in Embed Libraries */ = {isa = PBXBuildFile; fileRef = BAC471772CA9E8260066548B /* libliquid.dylib */; };
		BAD5BC802CA9ED0100E38551 /* libmpi.40.dylib in Frameworks */ = {isa = PBXBuildFile; fileRef = BAD5BC7F2CA9ED0000E38551 /* libmpi.40.dylib */; };
/* End PBXBuildFile section */

/* Begin PBXCopyFilesBuildPhase section */
		BAC4717A2CA9EA3D0066548B /* Embed Libraries */ = {
			isa = PBXCopyFilesBuildPhase;
			buildActionMask = 2147483647;
			dstPath = "";
			dstSubfolderSpec = 10;
			files = (
				BAC471792CA9EA3D0066548B /* libliquid.dylib in Embed Libraries */,
			);
			name = "Embed Libraries";
			runOnlyForDeploymentPostprocessing = 0;
		};
		BAF33CFF2CA74AE000A9A482 /* CopyFiles */ = {
			isa = PBXCopyFilesBuildPhase;
			buildActionMask = 2147483647;
			dstPath = /usr/share/man/man1/;
			dstSubfolderSpec = 0;
			files = (
			);
			runOnlyForDeploymentPostprocessing = 1;
		};
/* End PBXCopyFilesBuildPhase section */

/* Begin PBXFileReference section */
		BA27B5322CA79BC200992AC7 /* librtlsdr.a */ = {isa = PBXFileReference; lastKnownFileType = archive.ar; name = librtlsdr.a; path = ../../../../usr/local/Cellar/librtlsdr/2.0.2/lib/librtlsdr.a; sourceTree = "<group>"; };
		BA27B5342CA79BE400992AC7 /* libfftw3.a */ = {isa = PBXFileReference; lastKnownFileType = archive.ar; name = libfftw3.a; path = ../../../../usr/local/Cellar/fftw/3.3.10_1/lib/libfftw3.a; sourceTree = "<group>"; };
		BA27B5372CA79BF300992AC7 /* libfftw3_omp.a */ = {isa = PBXFileReference; lastKnownFileType = archive.ar; name = libfftw3_omp.a; path = ../../../../usr/local/Cellar/fftw/3.3.10_1/lib/libfftw3_omp.a; sourceTree = "<group>"; };
		BA27B5382CA79BF300992AC7 /* libfftw3f_omp.a */ = {isa = PBXFileReference; lastKnownFileType = archive.ar; name = libfftw3f_omp.a; path = ../../../../usr/local/Cellar/fftw/3.3.10_1/lib/libfftw3f_omp.a; sourceTree = "<group>"; };
		BA27B5392CA79BF300992AC7 /* libfftw3l_threads.a */ = {isa = PBXFileReference; lastKnownFileType = archive.ar; name = libfftw3l_threads.a; path = ../../../../usr/local/Cellar/fftw/3.3.10_1/lib/libfftw3l_threads.a; sourceTree = "<group>"; };
		BA27B53A2CA79BF300992AC7 /* libfftw3f_threads.a */ = {isa = PBXFileReference; lastKnownFileType = archive.ar; name = libfftw3f_threads.a; path = ../../../../usr/local/Cellar/fftw/3.3.10_1/lib/libfftw3f_threads.a; sourceTree = "<group>"; };
		BA27B53B2CA79BF300992AC7 /* libfftw3l_mpi.a */ = {isa = PBXFileReference; lastKnownFileType = archive.ar; name = libfftw3l_mpi.a; path = ../../../../usr/local/Cellar/fftw/3.3.10_1/lib/libfftw3l_mpi.a; sourceTree = "<group>"; };
		BA27B53C2CA79BF300992AC7 /* libfftw3f.a */ = {isa = PBXFileReference; lastKnownFileType = archive.ar; name = libfftw3f.a; path = ../../../../usr/local/Cellar/fftw/3.3.10_1/lib/libfftw3f.a; sourceTree = "<group>"; };
		BA27B53D2CA79BF300992AC7 /* libfftw3l_omp.a */ = {isa = PBXFileReference; lastKnownFileType = archive.ar; name = libfftw3l_omp.a; path = ../../../../usr/local/Cellar/fftw/3.3.10_1/lib/libfftw3l_omp.a; sourceTree = "<group>"; };
		BA27B53E2CA79BF300992AC7 /* libfftw3_threads.a */ = {isa = PBXFileReference; lastKnownFileType = archive.ar; name = libfftw3_threads.a; path = ../../../../usr/local/Cellar/fftw/3.3.10_1/lib/libfftw3_threads.a; sourceTree = "<group>"; };
		BA27B53F2CA79BF300992AC7 /* libfftw3f_mpi.a */ = {isa = PBXFileReference; lastKnownFileType = archive.ar; name = libfftw3f_mpi.a; path = ../../../../usr/local/Cellar/fftw/3.3.10_1/lib/libfftw3f_mpi.a; sourceTree = "<group>"; };
		BA27B5402CA79BF300992AC7 /* libfftw3_mpi.a */ = {isa = PBXFileReference; lastKnownFileType = archive.ar; name = libfftw3_mpi.a; path = ../../../../usr/local/Cellar/fftw/3.3.10_1/lib/libfftw3_mpi.a; sourceTree = "<group>"; };
		BA27B5412CA79BF300992AC7 /* libfftw3l.a */ = {isa = PBXFileReference; lastKnownFileType = archive.ar; name = libfftw3l.a; path = ../../../../usr/local/Cellar/fftw/3.3.10_1/lib/libfftw3l.a; sourceTree = "<group>"; };
		BAC471722CA9E5E60066548B /* LoRaPHY.cpp */ = {isa = PBXFileReference; lastKnownFileType = sourcecode.cpp.cpp; path = LoRaPHY.cpp; sourceTree = "<group>"; };
		BAC471742CA9E73A0066548B /* LoRaPHY.h */ = {isa = PBXFileReference; lastKnownFileType = sourcecode.c.h; path = LoRaPHY.h; sourceTree = "<group>"; };
		BAC471752CA9E7650066548B /* main.cpp */ = {isa = PBXFileReference; lastKnownFileType = sourcecode.cpp.cpp; path = main.cpp; sourceTree = "<group>"; };
		BAC471772CA9E8260066548B /* libliquid.dylib */ = {isa = PBXFileReference; lastKnownFileType = "compiled.mach-o.dylib"; name = libliquid.dylib; path = "../../../../../../usr/local/Cellar/liquid-dsp/1.6.0/lib/libliquid.dylib"; sourceTree = "<group>"; };
		BAD5BC7F2CA9ED0000E38551 /* libmpi.40.dylib */ = {isa = PBXFileReference; lastKnownFileType = "compiled.mach-o.dylib"; name = libmpi.40.dylib; path = "../../../../../../usr/local/Cellar/open-mpi/5.0.3_1/lib/libmpi.40.dylib"; sourceTree = "<group>"; };
		BAF33D012CA74AE000A9A482 /* Aligntrack Lora Mesh */ = {isa = PBXFileReference; explicitFileType = "compiled.mach-o.executable"; includeInIndex = 0; path = "Aligntrack Lora Mesh"; sourceTree = BUILT_PRODUCTS_DIR; };
		BAF33D0B2CA74B5D00A9A482 /* AlignTrack_Lora_Mesh.cpp */ = {isa = PBXFileReference; fileEncoding = 4; lastKnownFileType = sourcecode.cpp.cpp; path = AlignTrack_Lora_Mesh.cpp; sourceTree = "<group>"; };
/* End PBXFileReference section */

/* Begin PBXFrameworksBuildPhase section */
		BAF33CFE2CA74AE000A9A482 /* Frameworks */ = {
			isa = PBXFrameworksBuildPhase;
			buildActionMask = 2147483647;
			files = (
				BAD5BC802CA9ED0100E38551 /* libmpi.40.dylib in Frameworks */,
				BA27B5332CA79BC200992AC7 /* librtlsdr.a in Frameworks */,
				BA27B5422CA79BF300992AC7 /* libfftw3_omp.a in Frameworks */,
				BA27B5432CA79BF300992AC7 /* libfftw3f_omp.a in Frameworks */,
				BA27B5442CA79BF300992AC7 /* libfftw3l_threads.a in Frameworks */,
				BA27B5452CA79BF300992AC7 /* libfftw3f_threads.a in Frameworks */,
				BA27B5462CA79BF300992AC7 /* libfftw3l_mpi.a in Frameworks */,
				BA27B5472CA79BF300992AC7 /* libfftw3f.a in Frameworks */,
				BA27B5482CA79BF300992AC7 /* libfftw3l_omp.a in Frameworks */,
				BA27B5492CA79BF300992AC7 /* libfftw3_threads.a in Frameworks */,
				BA27B54A2CA79BF300992AC7 /* libfftw3f_mpi.a in Frameworks */,
				BA27B54B2CA79BF300992AC7 /* libfftw3_mpi.a in Frameworks */,
				BA27B54C2CA79BF300992AC7 /* libfftw3l.a in Frameworks */,
				BA27B5362CA79BF300992AC7 /* libfftw3.a in Frameworks */,
				BAC471782CA9E8260066548B /* libliquid.dylib in Frameworks */,
			);
			runOnlyForDeploymentPostprocessing = 0;
		};
/* End PBXFrameworksBuildPhase section */

/* Begin PBXGroup section */
		BA27B5312CA79BC200992AC7 /* Frameworks */ = {
			isa = PBXGroup;
			children = (
				BAD5BC7F2CA9ED0000E38551 /* libmpi.40.dylib */,
				BAC471772CA9E8260066548B /* libliquid.dylib */,
				BA27B5402CA79BF300992AC7 /* libfftw3_mpi.a */,
				BA27B5372CA79BF300992AC7 /* libfftw3_omp.a */,
				BA27B53E2CA79BF300992AC7 /* libfftw3_threads.a */,
				BA27B53F2CA79BF300992AC7 /* libfftw3f_mpi.a */,
				BA27B5382CA79BF300992AC7 /* libfftw3f_omp.a */,
				BA27B53A2CA79BF300992AC7 /* libfftw3f_threads.a */,
				BA27B53C2CA79BF300992AC7 /* libfftw3f.a */,
				BA27B53B2CA79BF300992AC7 /* libfftw3l_mpi.a */,
				BA27B53D2CA79BF300992AC7 /* libfftw3l_omp.a */,
				BA27B5392CA79BF300992AC7 /* libfftw3l_threads.a */,
				BA27B5412CA79BF300992AC7 /* libfftw3l.a */,
				BA27B5342CA79BE400992AC7 /* libfftw3.a */,
				BA27B5322CA79BC200992AC7 /* librtlsdr.a */,
			);
			name = Frameworks;
			sourceTree = "<group>";
		};
		BAC4717C2CA9EA9C0066548B /* LoRaPHY */ = {
			isa = PBXGroup;
			children = (
				BAC471752CA9E7650066548B /* main.cpp */,
				BAC471742CA9E73A0066548B /* LoRaPHY.h */,
				BAC471722CA9E5E60066548B /* LoRaPHY.cpp */,
			);
			path = LoRaPHY;
			sourceTree = "<group>";
		};
		BAF33CF82CA74AE000A9A482 = {
			isa = PBXGroup;
			children = (
				BAC4717C2CA9EA9C0066548B /* LoRaPHY */,
				BAF33D032CA74AE000A9A482 /* Aligntrack Lora Mesh */,
				BAF33D022CA74AE000A9A482 /* Products */,
				BA27B5312CA79BC200992AC7 /* Frameworks */,
			);
			sourceTree = "<group>";
		};
		BAF33D022CA74AE000A9A482 /* Products */ = {
			isa = PBXGroup;
			children = (
				BAF33D012CA74AE000A9A482 /* Aligntrack Lora Mesh */,
			);
			name = Products;
			sourceTree = "<group>";
		};
		BAF33D032CA74AE000A9A482 /* Aligntrack Lora Mesh */ = {
			isa = PBXGroup;
			children = (
				BAF33D0B2CA74B5D00A9A482 /* AlignTrack_Lora_Mesh.cpp */,
			);
			path = "Aligntrack Lora Mesh";
			sourceTree = "<group>";
		};
/* End PBXGroup section */

/* Begin PBXNativeTarget section */
		BAF33D002CA74AE000A9A482 /* Aligntrack Lora Mesh */ = {
			isa = PBXNativeTarget;
			buildConfigurationList = BAF33D082CA74AE000A9A482 /* Build configuration list for PBXNativeTarget "Aligntrack Lora Mesh" */;
			buildPhases = (
				BAF33CFD2CA74AE000A9A482 /* Sources */,
				BAF33CFE2CA74AE000A9A482 /* Frameworks */,
				BAF33CFF2CA74AE000A9A482 /* CopyFiles */,
				BAC4717A2CA9EA3D0066548B /* Embed Libraries */,
			);
			buildRules = (
			);
			dependencies = (
			);
			name = "Aligntrack Lora Mesh";
			productName = "Aligntrack Lora Mesh";
			productReference = BAF33D012CA74AE000A9A482 /* Aligntrack Lora Mesh */;
			productType = "com.apple.product-type.tool";
		};
/* End PBXNativeTarget section */

/* Begin PBXProject section */
		BAF33CF92CA74AE000A9A482 /* Project object */ = {
			isa = PBXProject;
			attributes = {
				BuildIndependentTargetsInParallel = 1;
				LastUpgradeCheck = 1520;
				TargetAttributes = {
					BAF33D002CA74AE000A9A482 = {
						CreatedOnToolsVersion = 15.2;
					};
				};
			};
			buildConfigurationList = BAF33CFC2CA74AE000A9A482 /* Build configuration list for PBXProject "Aligntrack Lora Mesh" */;
			compatibilityVersion = "Xcode 14.0";
			developmentRegion = en;
			hasScannedForEncodings = 0;
			knownRegions = (
				en,
				Base,
			);
			mainGroup = BAF33CF82CA74AE000A9A482;
			productRefGroup = BAF33D022CA74AE000A9A482 /* Products */;
			projectDirPath = "";
			projectRoot = "";
			targets = (
				BAF33D002CA74AE000A9A482 /* Aligntrack Lora Mesh */,
			);
		};
/* End PBXProject section */

/* Begin PBXSourcesBuildPhase section */
		BAF33CFD2CA74AE000A9A482 /* Sources */ = {
			isa = PBXSourcesBuildPhase;
			buildActionMask = 2147483647;
			files = (
				BAC471732CA9E5E60066548B /* LoRaPHY.cpp in Sources */,
				BAC471762CA9E7650066548B /* main.cpp in Sources */,
			);
			runOnlyForDeploymentPostprocessing = 0;
		};
/* End PBXSourcesBuildPhase section */

/* Begin XCBuildConfiguration section */
		BAF33D062CA74AE000A9A482 /* Debug */ = {
			isa = XCBuildConfiguration;
			buildSettings = {
				ALWAYS_SEARCH_USER_PATHS = NO;
				ASSETCATALOG_COMPILER_GENERATE_SWIFT_ASSET_SYMBOL_EXTENSIONS = YES;
				CLANG_ANALYZER_NONNULL = YES;
				CLANG_ANALYZER_NUMBER_OBJECT_CONVERSION = YES_AGGRESSIVE;
				CLANG_CXX_LANGUAGE_STANDARD = "gnu++20";
				CLANG_ENABLE_MODULES = YES;
				CLANG_ENABLE_OBJC_ARC = YES;
				CLANG_ENABLE_OBJC_WEAK = YES;
				CLANG_WARN_BLOCK_CAPTURE_AUTORELEASING = YES;
				CLANG_WARN_BOOL_CONVERSION = YES;
				CLANG_WARN_COMMA = YES;
				CLANG_WARN_CONSTANT_CONVERSION = YES;
				CLANG_WARN_DEPRECATED_OBJC_IMPLEMENTATIONS = YES;
				CLANG_WARN_DIRECT_OBJC_ISA_USAGE = YES_ERROR;
				CLANG_WARN_DOCUMENTATION_COMMENTS = YES;
				CLANG_WARN_EMPTY_BODY = YES;
				CLANG_WARN_ENUM_CONVERSION = YES;
				CLANG_WARN_INFINITE_RECURSION = YES;
				CLANG_WARN_INT_CONVERSION = YES;
				CLANG_WARN_NON_LITERAL_NULL_CONVERSION = YES;
				CLANG_WARN_OBJC_IMPLICIT_RETAIN_SELF = YES;
				CLANG_WARN_OBJC_LITERAL_CONVERSION = YES;
				CLANG_WARN_OBJC_ROOT_CLASS = YES_ERROR;
				CLANG_WARN_QUOTED_INCLUDE_IN_FRAMEWORK_HEADER = YES;
				CLANG_WARN_RANGE_LOOP_ANALYSIS = YES;
				CLANG_WARN_STRICT_PROTOTYPES = YES;
				CLANG_WARN_SUSPICIOUS_MOVE = YES;
				CLANG_WARN_UNGUARDED_AVAILABILITY = YES_AGGRESSIVE;
				CLANG_WARN_UNREACHABLE_CODE = YES;
				CLANG_WARN__DUPLICATE_METHOD_MATCH = YES;
				COPY_PHASE_STRIP = NO;
				DEBUG_INFORMATION_FORMAT = dwarf;
				ENABLE_STRICT_OBJC_MSGSEND = YES;
				ENABLE_TESTABILITY = YES;
				ENABLE_USER_SCRIPT_SANDBOXING = YES;
				GCC_C_LANGUAGE_STANDARD = gnu17;
				GCC_DYNAMIC_NO_PIC = NO;
				GCC_NO_COMMON_BLOCKS = YES;
				GCC_OPTIMIZATION_LEVEL = 0;
				GCC_PREPROCESSOR_DEFINITIONS = (
					"DEBUG=1",
					"$(inherited)",
				);
				GCC_WARN_64_TO_32_BIT_CONVERSION = YES;
				GCC_WARN_ABOUT_RETURN_TYPE = YES_ERROR;
				GCC_WARN_UNDECLARED_SELECTOR = YES;
				GCC_WARN_UNINITIALIZED_AUTOS = YES_AGGRESSIVE;
				GCC_WARN_UNUSED_FUNCTION = YES;
				GCC_WARN_UNUSED_VARIABLE = YES;
				LOCALIZATION_PREFERS_STRING_CATALOGS = YES;
				MACOSX_DEPLOYMENT_TARGET = 13.6;
				MTL_ENABLE_DEBUG_INFO = INCLUDE_SOURCE;
				MTL_FAST_MATH = YES;
				ONLY_ACTIVE_ARCH = YES;
				SDKROOT = macosx;
			};
			name = Debug;
		};
		BAF33D072CA74AE000A9A482 /* Release */ = {
			isa = XCBuildConfiguration;
			buildSettings = {
				ALWAYS_SEARCH_USER_PATHS = NO;
				ASSETCATALOG_COMPILER_GENERATE_SWIFT_ASSET_SYMBOL_EXTENSIONS = YES;
				CLANG_ANALYZER_NONNULL = YES;
				CLANG_ANALYZER_NUMBER_OBJECT_CONVERSION = YES_AGGRESSIVE;
				CLANG_CXX_LANGUAGE_STANDARD = "gnu++20";
				CLANG_ENABLE_MODULES = YES;
				CLANG_ENABLE_OBJC_ARC = YES;
				CLANG_ENABLE_OBJC_WEAK = YES;
				CLANG_WARN_BLOCK_CAPTURE_AUTORELEASING = YES;
				CLANG_WARN_BOOL_CONVERSION = YES;
				CLANG_WARN_COMMA = YES;
				CLANG_WARN_CONSTANT_CONVERSION = YES;
				CLANG_WARN_DEPRECATED_OBJC_IMPLEMENTATIONS = YES;
				CLANG_WARN_DIRECT_OBJC_ISA_USAGE = YES_ERROR;
				CLANG_WARN_DOCUMENTATION_COMMENTS = YES;
				CLANG_WARN_EMPTY_BODY = YES;
				CLANG_WARN_ENUM_CONVERSION = YES;
				CLANG_WARN_INFINITE_RECURSION = YES;
				CLANG_WARN_INT_CONVERSION = YES;
				CLANG_WARN_NON_LITERAL_NULL_CONVERSION = YES;
				CLANG_WARN_OBJC_IMPLICIT_RETAIN_SELF = YES;
				CLANG_WARN_OBJC_LITERAL_CONVERSION = YES;
				CLANG_WARN_OBJC_ROOT_CLASS = YES_ERROR;
				CLANG_WARN_QUOTED_INCLUDE_IN_FRAMEWORK_HEADER = YES;
				CLANG_WARN_RANGE_LOOP_ANALYSIS = YES;
				CLANG_WARN_STRICT_PROTOTYPES = YES;
				CLANG_WARN_SUSPICIOUS_MOVE = YES;
				CLANG_WARN_UNGUARDED_AVAILABILITY = YES_AGGRESSIVE;
				CLANG_WARN_UNREACHABLE_CODE = YES;
				CLANG_WARN__DUPLICATE_METHOD_MATCH = YES;
				COPY_PHASE_STRIP = NO;
				DEBUG_INFORMATION_FORMAT = "dwarf-with-dsym";
				ENABLE_NS_ASSERTIONS = NO;
				ENABLE_STRICT_OBJC_MSGSEND = YES;
				ENABLE_USER_SCRIPT_SANDBOXING = YES;
				GCC_C_LANGUAGE_STANDARD = gnu17;
				GCC_NO_COMMON_BLOCKS = YES;
				GCC_WARN_64_TO_32_BIT_CONVERSION = YES;
				GCC_WARN_ABOUT_RETURN_TYPE = YES_ERROR;
				GCC_WARN_UNDECLARED_SELECTOR = YES;
				GCC_WARN_UNINITIALIZED_AUTOS = YES_AGGRESSIVE;
				GCC_WARN_UNUSED_FUNCTION = YES;
				GCC_WARN_UNUSED_VARIABLE = YES;
				LOCALIZATION_PREFERS_STRING_CATALOGS = YES;
				MACOSX_DEPLOYMENT_TARGET = 13.6;
				MTL_ENABLE_DEBUG_INFO = NO;
				MTL_FAST_MATH = YES;
				SDKROOT = macosx;
			};
			name = Release;
		};
		BAF33D092CA74AE000A9A482 /* Debug */ = {
			isa = XCBuildConfiguration;
			buildSettings = {
				CODE_SIGN_ENTITLEMENTS = "Aligntrack Lora Mesh/Aligntrack Lora Mesh.entitlements";
				CODE_SIGN_STYLE = Automatic;
				DEVELOPMENT_TEAM = 87867926X9;
				ENABLE_HARDENED_RUNTIME = YES;
				HEADER_SEARCH_PATHS = (
					"/usr/local/Cellar/librtlsdr/2.0.2/include/**",
					"/usr/local/Cellar/fftw/3.3.10_1/include/**",
					"/usr/local/Cellar/liquid-dsp/1.6.0/include/**",
				);
				LD_RUNPATH_SEARCH_PATHS = "";
				LIBRARY_SEARCH_PATHS = (
					"/usr/local/Cellar/librtlsdr/2.0.2/lib/**",
					"/usr/local/Cellar/fftw/3.3.10_1/lib/**",
					"/usr/local/Cellar/open-mpi/5.0.3_1/lib",
					"/usr/local/Cellar/liquid-dsp/1.6.0/lib",
					"/usr/local/Cellar/liquid-dsp/1.6.0/lib",
				);
				MERGEABLE_LIBRARY = NO;
				MERGED_BINARY_TYPE = none;
				PRODUCT_NAME = "$(TARGET_NAME)";
			};
			name = Debug;
		};
		BAF33D0A2CA74AE000A9A482 /* Release */ = {
			isa = XCBuildConfiguration;
			buildSettings = {
				CODE_SIGN_ENTITLEMENTS = "Aligntrack Lora Mesh/Aligntrack Lora Mesh.entitlements";
				CODE_SIGN_STYLE = Automatic;
				DEVELOPMENT_TEAM = 87867926X9;
				ENABLE_HARDENED_RUNTIME = YES;
				HEADER_SEARCH_PATHS = (
					"/usr/local/Cellar/librtlsdr/2.0.2/include/**",
					"/usr/local/Cellar/fftw/3.3.10_1/include/**",
					"/usr/local/Cellar/liquid-dsp/1.6.0/include/**",
				);
				LD_RUNPATH_SEARCH_PATHS = "";
				LIBRARY_SEARCH_PATHS = (
					"/usr/local/Cellar/librtlsdr/2.0.2/lib/**",
					"/usr/local/Cellar/fftw/3.3.10_1/lib/**",
					"/usr/local/Cellar/open-mpi/5.0.3_1/lib",
					"/usr/local/Cellar/liquid-dsp/1.6.0/lib",
					"/usr/local/Cellar/liquid-dsp/1.6.0/lib",
				);
				MERGEABLE_LIBRARY = NO;
				MERGED_BINARY_TYPE = none;
				PRODUCT_NAME = "$(TARGET_NAME)";
			};
			name = Release;
		};
/* End XCBuildConfiguration section */

/* Begin XCConfigurationList section */
		BAF33CFC2CA74AE000A9A482 /* Build configuration list for PBXProject "Aligntrack Lora Mesh" */ = {
			isa = XCConfigurationList;
			buildConfigurations = (
				BAF33D062CA74AE000A9A482 /* Debug */,
				BAF33D072CA74AE000A9A482 /* Release */,
			);
			defaultConfigurationIsVisible = 0;
			defaultConfigurationName = Release;
		};
		BAF33D082CA74AE000A9A482 /* Build configuration list for PBXNativeTarget "Aligntrack Lora Mesh" */ = {
			isa = XCConfigurationList;
			buildConfigurations = (
				BAF33D092CA74AE000A9A482 /* Debug */,
				BAF33D0A2CA74AE000A9A482 /* Release */,
			);
			defaultConfigurationIsVisible = 0;
			defaultConfigurationName = Release;
		};
/* End XCConfigurationList section */
	};
	rootObject = BAF33CF92CA74AE000A9A482 /* Project object */;
}
